
Microsoft Visual Studio Solution File, Format Version 12.00
# Visual Studio Version 17
VisualStudioVersion = 17.4.33213.308
MinimumVisualStudioVersion = 10.0.40219.1
Project("{9A19103F-16F7-4668-BE54-9A1E7A4F7556}") = "Microsoft.Extensions.Caching.Oracle", "Microsoft.Extensions.Caching.Oracle.csproj", "{0864602D-3029-47EB-BD4E-0E604403E17A}"
EndProject
Global
	GlobalSection(SolutionConfigurationPlatforms) = preSolution
		Debug|Any CPU = Debug|Any CPU
		Release|Any CPU = Release|Any CPU
	EndGlobalSection
	GlobalSection(ProjectConfigurationPlatforms) = postSolution
		{0864602D-3029-47EB-BD4E-0E604403E17A}.Debug|Any CPU.ActiveCfg = Debug|Any CPU
		{0864602D-3029-47EB-BD4E-0E604403E17A}.Debug|Any CPU.Build.0 = Debug|Any CPU
		{0864602D-3029-47EB-BD4E-0E604403E17A}.Release|Any CPU.ActiveCfg = Release|Any CPU
		{0864602D-3029-47EB-BD4E-0E604403E17A}.Release|Any CPU.Build.0 = Release|Any CPU
	EndGlobalSection
	GlobalSection(SolutionProperties) = preSolution
		HideSolutionNode = FALSE
	EndGlobalSection
	GlobalSection(ExtensibilityGlobals) = postSolution
		SolutionGuid = {52246DA5-1C1D-4DD3-BEAC-09E8F7F96578}
	EndGlobalSection
EndGlobal
